{
  "name": "egf-ccc3-empty",
  "version": "3.0.0-Preview.1",
  "lockfileVersion": 1,
  "requires": true,
  "dependencies": {
    "@ailhc/egf-core": {
      "version": "0.1.5",
      "resolved": "https://registry.npm.taobao.org/@ailhc/egf-core/download/@ailhc/egf-core-0.1.5.tgz",
      "integrity": "sha1-l+4RMA+HH7eRdXP2YXtBAFiG6rc="
    }
  }
}
